
Microsoft Visual Studio Solution File, Format Version 12.00
# Visual Studio Version 17
VisualStudioVersion = 17.5.33414.496
MinimumVisualStudioVersion = 10.0.40219.1
Project("{FAE04EC0-301F-11D3-BF4B-00C04F79EFBC}") = "hometask5dowhile", "hometask5dowhile.csproj", "{2B33D74D-8A5C-47A7-87C1-C67A0B343068}"
EndProject
Global
	GlobalSection(SolutionConfigurationPlatforms) = preSolution
		Debug|Any CPU = Debug|Any CPU
		Release|Any CPU = Release|Any CPU
	EndGlobalSection
	GlobalSection(ProjectConfigurationPlatforms) = postSolution
		{2B33D74D-8A5C-47A7-87C1-C67A0B343068}.Debug|Any CPU.ActiveCfg = Debug|Any CPU
		{2B33D74D-8A5C-47A7-87C1-C67A0B343068}.Debug|Any CPU.Build.0 = Debug|Any CPU
		{2B33D74D-8A5C-47A7-87C1-C67A0B343068}.Release|Any CPU.ActiveCfg = Release|Any CPU
		{2B33D74D-8A5C-47A7-87C1-C67A0B343068}.Release|Any CPU.Build.0 = Release|Any CPU
	EndGlobalSection
	GlobalSection(SolutionProperties) = preSolution
		HideSolutionNode = FALSE
	EndGlobalSection
	GlobalSection(ExtensibilityGlobals) = postSolution
		SolutionGuid = {57404DF3-150B-47F6-A6CF-F68F3BCF4EFB}
	EndGlobalSection
EndGlobal
